PODS:
  - Kingfisher (7.0.0-beta.4)

DEPENDENCIES:
  - Kingfisher (from `https://github.com/onevcat/Kingfisher.git`)

EXTERNAL SOURCES:
  Kingfisher:
    :git: https://github.com/onevcat/Kingfisher.git

CHECKOUT OPTIONS:
  Kingfisher:
    :commit: 1897586f01041d6ddc025714be156aee2d79509d
    :git: https://github.com/onevcat/Kingfisher.git

SPEC CHECKSUMS:
  Kingfisher: 48c017bba70a03c45313228a469075b2c1c67a0d

PODFILE CHECKSUM: d981d528b54394acbbfa4d14ec70d28554492fe5

COCOAPODS: 1.11.2
